
Microsoft Visual Studio Solution File, Format Version 12.00
# Visual Studio Version 16
VisualStudioVersion = 16.0.29709.97
MinimumVisualStudioVersion = 10.0.40219.1
Project("{FAE04EC0-301F-11D3-BF4B-00C04F79EFBC}") = "Exercise01", "Exercise01\Exercise01.csproj", "{991C7047-2607-49AF-93E9-1D9830BA034E}"
EndProject
Project("{FAE04EC0-301F-11D3-BF4B-00C04F79EFBC}") = "Exercise03", "Exercise03\Exercise03.csproj", "{621DC45D-3772-4EFC-8522-E6FFDC929489}"
EndProject
Project("{FAE04EC0-301F-11D3-BF4B-00C04F79EFBC}") = "Exercise2", "Exercise2\Exercise2.csproj", "{98A57070-1077-4D7C-A896-1C0F576A7BEB}"
EndProject
Project("{FAE04EC0-301F-11D3-BF4B-00C04F79EFBC}") = "Exercise4", "Exercise4\Exercise4.csproj", "{056E9BF2-7031-445C-B1CA-0D7F87469DB0}"
EndProject
Global
	GlobalSection(SolutionConfigurationPlatforms) = preSolution
		Debug|Any CPU = Debug|Any CPU
		Release|Any CPU = Release|Any CPU
	EndGlobalSection
	GlobalSection(ProjectConfigurationPlatforms) = postSolution
		{991C7047-2607-49AF-93E9-1D9830BA034E}.Debug|Any CPU.ActiveCfg = Debug|Any CPU
		{991C7047-2607-49AF-93E9-1D9830BA034E}.Debug|Any CPU.Build.0 = Debug|Any CPU
		{991C7047-2607-49AF-93E9-1D9830BA034E}.Release|Any CPU.ActiveCfg = Release|Any CPU
		{991C7047-2607-49AF-93E9-1D9830BA034E}.Release|Any CPU.Build.0 = Release|Any CPU
		{621DC45D-3772-4EFC-8522-E6FFDC929489}.Debug|Any CPU.ActiveCfg = Debug|Any CPU
		{621DC45D-3772-4EFC-8522-E6FFDC929489}.Debug|Any CPU.Build.0 = Debug|Any CPU
		{621DC45D-3772-4EFC-8522-E6FFDC929489}.Release|Any CPU.ActiveCfg = Release|Any CPU
		{621DC45D-3772-4EFC-8522-E6FFDC929489}.Release|Any CPU.Build.0 = Release|Any CPU
		{98A57070-1077-4D7C-A896-1C0F576A7BEB}.Debug|Any CPU.ActiveCfg = Debug|Any CPU
		{98A57070-1077-4D7C-A896-1C0F576A7BEB}.Debug|Any CPU.Build.0 = Debug|Any CPU
		{98A57070-1077-4D7C-A896-1C0F576A7BEB}.Release|Any CPU.ActiveCfg = Release|Any CPU
		{98A57070-1077-4D7C-A896-1C0F576A7BEB}.Release|Any CPU.Build.0 = Release|Any CPU
		{056E9BF2-7031-445C-B1CA-0D7F87469DB0}.Debug|Any CPU.ActiveCfg = Debug|Any CPU
		{056E9BF2-7031-445C-B1CA-0D7F87469DB0}.Debug|Any CPU.Build.0 = Debug|Any CPU
		{056E9BF2-7031-445C-B1CA-0D7F87469DB0}.Release|Any CPU.ActiveCfg = Release|Any CPU
		{056E9BF2-7031-445C-B1CA-0D7F87469DB0}.Release|Any CPU.Build.0 = Release|Any CPU
	EndGlobalSection
	GlobalSection(SolutionProperties) = preSolution
		HideSolutionNode = FALSE
	EndGlobalSection
	GlobalSection(ExtensibilityGlobals) = postSolution
		SolutionGuid = {B0DE8386-33B2-4849-8C9A-7E48DEC87E85}
	EndGlobalSection
EndGlobal
